// !$*UTF8*$!
{
	archiveVersion = 1;
	classes = {
	};
	objectVersion = 46;
	objects = {

/* Begin PBXBuildFile section */
		E3E2DCF21C4C46F3006B3767 /* AppDelegate.swift in Sources */ = {isa = PBXBuildFile; fileRef = E3E2DCF11C4C46F3006B3767 /* AppDelegate.swift */; };
		E3E2DCFA1C4C46F3006B3767 /* iMoney.xcdatamodeld in Sources */ = {isa = PBXBuildFile; fileRef = E3E2DCF81C4C46F3006B3767 /* iMoney.xcdatamodeld */; };
		E3E2DD0A1C4C46F3006B3767 /* iMoneyTests.swift in Sources */ = {isa = PBXBuildFile; fileRef = E3E2DD091C4C46F3006B3767 /* iMoneyTests.swift */; };
		E3E2DD151C4C46F3006B3767 /* iMoneyUITests.swift in Sources */ = {isa = PBXBuildFile; fileRef = E3E2DD141C4C46F3006B3767 /* iMoneyUITests.swift */; };
		E3E2DD321C4C471E006B3767 /* SwiftColors.swift in Sources */ = {isa = PBXBuildFile; fileRef = E3E2DD221C4C471E006B3767 /* SwiftColors.swift */; };
		E3E2DD341C4C471E006B3767 /* LaunchScreen.xib in Resources */ = {isa = PBXBuildFile; fileRef = E3E2DD251C4C471E006B3767 /* LaunchScreen.xib */; };
		E3E2DD351C4C471E006B3767 /* Main.storyboard in Resources */ = {isa = PBXBuildFile; fileRef = E3E2DD271C4C471E006B3767 /* Main.storyboard */; };
		E3E2DD361C4C471E006B3767 /* Common.swift in Sources */ = {isa = PBXBuildFile; fileRef = E3E2DD291C4C471E006B3767 /* Common.swift */; };
		E3E2DD371C4C471E006B3767 /* HomeViewController.swift in Sources */ = {isa = PBXBuildFile; fileRef = E3E2DD2A1C4C471E006B3767 /* HomeViewController.swift */; };
		E3E2DD381C4C471E006B3767 /* Images.xcassets in Resources */ = {isa = PBXBuildFile; fileRef = E3E2DD2B1C4C471E006B3767 /* Images.xcassets */; };
		E3E2DD3A1C4C471E006B3767 /* LeftViewController.swift in Sources */ = {isa = PBXBuildFile; fileRef = E3E2DD2D1C4C471E006B3767 /* LeftViewController.swift */; };
		E3E2DD3C1C4C471E006B3767 /* MainTabBarController.xib in Resources */ = {isa = PBXBuildFile; fileRef = E3E2DD2F1C4C471E006B3767 /* MainTabBarController.xib */; };
		E3E2DD3D1C4C471E006B3767 /* OtherPageViewController.swift in Sources */ = {isa = PBXBuildFile; fileRef = E3E2DD301C4C471E006B3767 /* OtherPageViewController.swift */; };
		E3E2DD3E1C4C471E006B3767 /* ViewController.swift in Sources */ = {isa = PBXBuildFile; fileRef = E3E2DD311C4C471E006B3767 /* ViewController.swift */; };
		E3E2DD441C4C477C006B3767 /* Item.swift in Sources */ = {isa = PBXBuildFile; fileRef = E3E2DD401C4C477C006B3767 /* Item.swift */; };
		E3E2DD451C4C477C006B3767 /* Category+CoreDataProperties.swift in Sources */ = {isa = PBXBuildFile; fileRef = E3E2DD411C4C477C006B3767 /* Category+CoreDataProperties.swift */; };
		E3E2DD461C4C477C006B3767 /* Category.swift in Sources */ = {isa = PBXBuildFile; fileRef = E3E2DD421C4C477C006B3767 /* Category.swift */; };
		E3E2DD481C4C4787006B3767 /* buyList.swift in Sources */ = {isa = PBXBuildFile; fileRef = E3E2DD471C4C4787006B3767 /* buyList.swift */; };
		E3E2DD4A1C4C5048006B3767 /* addViewController.swift in Sources */ = {isa = PBXBuildFile; fileRef = E3E2DD491C4C5048006B3767 /* addViewController.swift */; };
		E3F94D7D1C4C831B00F37F2C /* Item+CoreDataProperties.swift in Sources */ = {isa = PBXBuildFile; fileRef = E3F94D7C1C4C831B00F37F2C /* Item+CoreDataProperties.swift */; };
		E3F94D811C4D547800F37F2C /* MainTabBarController.swift in Sources */ = {isa = PBXBuildFile; fileRef = E3F94D801C4D547800F37F2C /* MainTabBarController.swift */; };
		E3F94D851C4F265200F37F2C /* SummaryTableViewCell.swift in Sources */ = {isa = PBXBuildFile; fileRef = E3F94D841C4F265200F37F2C /* SummaryTableViewCell.swift */; };
		E3F94D871C4F265B00F37F2C /* DetailTableViewCell.swift in Sources */ = {isa = PBXBuildFile; fileRef = E3F94D861C4F265B00F37F2C /* DetailTableViewCell.swift */; };
		F8E768ED1253A7FB6AFB0FDB /* Pods.framework in Frameworks */ = {isa = PBXBuildFile; fileRef = 8142B3E968C48E42BD6A35EB /* Pods.framework */; };
/* End PBXBuildFile section */

/* Begin PBXContainerItemProxy section */
		E3E2DD061C4C46F3006B3767 /* PBXContainerItemProxy */ = {
			isa = PBXContainerItemProxy;
			containerPortal = E3E2DCE61C4C46F3006B3767 /* Project object */;
			proxyType = 1;
			remoteGlobalIDString = E3E2DCED1C4C46F3006B3767;
			remoteInfo = iMoney;
		};
		E3E2DD111C4C46F3006B3767 /* PBXContainerItemProxy */ = {
			isa = PBXContainerItemProxy;
			containerPortal = E3E2DCE61C4C46F3006B3767 /* Project object */;
			proxyType = 1;
			remoteGlobalIDString = E3E2DCED1C4C46F3006B3767;
			remoteInfo = iMoney;
		};
/* End PBXContainerItemProxy section */

/* Begin PBXFileReference section */
		8142B3E968C48E42BD6A35EB /* Pods.framework */ = {isa = PBXFileReference; explicitFileType = wrapper.framework; includeInIndex = 0; path = Pods.framework; sourceTree = BUILT_PRODUCTS_DIR; };
		9481E22EDA9CDCA2AB2152BA /* Pods.release.xcconfig */ = {isa = PBXFileReference; includeInIndex = 1; lastKnownFileType = text.xcconfig; name = Pods.release.xcconfig; path = "Pods/Target Support Files/Pods/Pods.release.xcconfig"; sourceTree = "<group>"; };
		B0BA4BE120A97CD5F3F6DF7D /* Pods.debug.xcconfig */ = {isa = PBXFileReference; includeInIndex = 1; lastKnownFileType = text.xcconfig; name = Pods.debug.xcconfig; path = "Pods/Target Support Files/Pods/Pods.debug.xcconfig"; sourceTree = "<group>"; };
		E3E2DCEE1C4C46F3006B3767 /* iMoney.app */ = {isa = PBXFileReference; explicitFileType = wrapper.application; includeInIndex = 0; path = iMoney.app; sourceTree = BUILT_PRODUCTS_DIR; };
		E3E2DCF11C4C46F3006B3767 /* AppDelegate.swift */ = {isa = PBXFileReference; lastKnownFileType = sourcecode.swift; path = AppDelegate.swift; sourceTree = "<group>"; };
		E3E2DCF91C4C46F3006B3767 /* iMoney.xcdatamodel */ = {isa = PBXFileReference; lastKnownFileType = wrapper.xcdatamodel; path = iMoney.xcdatamodel; sourceTree = "<group>"; };
		E3E2DD001C4C46F3006B3767 /* Info.plist */ = {isa = PBXFileReference; lastKnownFileType = text.plist.xml; path = Info.plist; sourceTree = "<group>"; };
		E3E2DD051C4C46F3006B3767 /* iMoneyTests.xctest */ = {isa = PBXFileReference; explicitFileType = wrapper.cfbundle; includeInIndex = 0; path = iMoneyTests.xctest; sourceTree = BUILT_PRODUCTS_DIR; };
		E3E2DD091C4C46F3006B3767 /* iMoneyTests.swift */ = {isa = PBXFileReference; lastKnownFileType = sourcecode.swift; path = iMoneyTests.swift; sourceTree = "<group>"; };
		E3E2DD0B1C4C46F3006B3767 /* Info.plist */ = {isa = PBXFileReference; lastKnownFileType = text.plist.xml; path = Info.plist; sourceTree = "<group>"; };
		E3E2DD101C4C46F3006B3767 /* iMoneyUITests.xctest */ = {isa = PBXFileReference; explicitFileType = wrapper.cfbundle; includeInIndex = 0; path = iMoneyUITests.xctest; sourceTree = BUILT_PRODUCTS_DIR; };
		E3E2DD141C4C46F3006B3767 /* iMoneyUITests.swift */ = {isa = PBXFileReference; lastKnownFileType = sourcecode.swift; path = iMoneyUITests.swift; sourceTree = "<group>"; };
		E3E2DD161C4C46F3006B3767 /* Info.plist */ = {isa = PBXFileReference; lastKnownFileType = text.plist.xml; path = Info.plist; sourceTree = "<group>"; };
		E3E2DD221C4C471E006B3767 /* SwiftColors.swift */ = {isa = PBXFileReference; fileEncoding = 4; lastKnownFileType = sourcecode.swift; name = SwiftColors.swift; path = ../SwiftColors.swift; sourceTree = "<group>"; };
		E3E2DD261C4C471E006B3767 /* Base */ = {isa = PBXFileReference; lastKnownFileType = file.xib; name = Base; path = Base.lproj/LaunchScreen.xib; sourceTree = "<group>"; };
		E3E2DD281C4C471E006B3767 /* Base */ = {isa = PBXFileReference; lastKnownFileType = file.storyboard; name = Base; path = Base.lproj/Main.storyboard; sourceTree = "<group>"; };
		E3E2DD291C4C471E006B3767 /* Common.swift */ = {isa = PBXFileReference; fileEncoding = 4; lastKnownFileType = sourcecode.swift; path = Common.swift; sourceTree = "<group>"; };
		E3E2DD2A1C4C471E006B3767 /* HomeViewController.swift */ = {isa = PBXFileReference; fileEncoding = 4; lastKnownFileType = sourcecode.swift; path = HomeViewController.swift; sourceTree = "<group>"; };
		E3E2DD2B1C4C471E006B3767 /* Images.xcassets */ = {isa = PBXFileReference; lastKnownFileType = folder.assetcatalog; path = Images.xcassets; sourceTree = "<group>"; };
		E3E2DD2D1C4C471E006B3767 /* LeftViewController.swift */ = {isa = PBXFileReference; fileEncoding = 4; lastKnownFileType = sourcecode.swift; path = LeftViewController.swift; sourceTree = "<group>"; };
		E3E2DD2F1C4C471E006B3767 /* MainTabBarController.xib */ = {isa = PBXFileReference; fileEncoding = 4; lastKnownFileType = file.xib; path = MainTabBarController.xib; sourceTree = "<group>"; };
		E3E2DD301C4C471E006B3767 /* OtherPageViewController.swift */ = {isa = PBXFileReference; fileEncoding = 4; lastKnownFileType = sourcecode.swift; path = OtherPageViewController.swift; sourceTree = "<group>"; };
		E3E2DD311C4C471E006B3767 /* ViewController.swift */ = {isa = PBXFileReference; fileEncoding = 4; lastKnownFileType = sourcecode.swift; path = ViewController.swift; sourceTree = "<group>"; };
		E3E2DD401C4C477C006B3767 /* Item.swift */ = {isa = PBXFileReference; fileEncoding = 4; lastKnownFileType = sourcecode.swift; path = Item.swift; sourceTree = "<group>"; };
		E3E2DD411C4C477C006B3767 /* Category+CoreDataProperties.swift */ = {isa = PBXFileReference; fileEncoding = 4; lastKnownFileType = sourcecode.swift; path = "Category+CoreDataProperties.swift"; sourceTree = "<group>"; };
		E3E2DD421C4C477C006B3767 /* Category.swift */ = {isa = PBXFileReference; fileEncoding = 4; lastKnownFileType = sourcecode.swift; path = Category.swift; sourceTree = "<group>"; };
		E3E2DD471C4C4787006B3767 /* buyList.swift */ = {isa = PBXFileReference; fileEncoding = 4; lastKnownFileType = sourcecode.swift; path = buyList.swift; sourceTree = "<group>"; };
		E3E2DD491C4C5048006B3767 /* addViewController.swift */ = {isa = PBXFileReference; fileEncoding = 4; lastKnownFileType = sourcecode.swift; path = addViewController.swift; sourceTree = "<group>"; };
		E3F94D7C1C4C831B00F37F2C /* Item+CoreDataProperties.swift */ = {isa = PBXFileReference; fileEncoding = 4; lastKnownFileType = sourcecode.swift; path = "Item+CoreDataProperties.swift"; sourceTree = "<group>"; };
		E3F94D801C4D547800F37F2C /* MainTabBarController.swift */ = {isa = PBXFileReference; fileEncoding = 4; lastKnownFileType = sourcecode.swift; path = MainTabBarController.swift; sourceTree = "<group>"; };
		E3F94D841C4F265200F37F2C /* SummaryTableViewCell.swift */ = {isa = PBXFileReference; fileEncoding = 4; lastKnownFileType = sourcecode.swift; path = SummaryTableViewCell.swift; sourceTree = "<group>"; };
		E3F94D861C4F265B00F37F2C /* DetailTableViewCell.swift */ = {isa = PBXFileReference; fileEncoding = 4; lastKnownFileType = sourcecode.swift; path = DetailTableViewCell.swift; sourceTree = "<group>"; };
/* End PBXFileReference section */

/* Begin PBXFrameworksBuildPhase section */
		E3E2DCEB1C4C46F3006B3767 /* Frameworks */ = {
			isa = PBXFrameworksBuildPhase;
			buildActionMask = 2147483647;
			files = (
				F8E768ED1253A7FB6AFB0FDB /* Pods.framework in Frameworks */,
			);
			runOnlyForDeploymentPostprocessing = 0;
		};
		E3E2DD021C4C46F3006B3767 /* Frameworks */ = {
			isa = PBXFrameworksBuildPhase;
			buildActionMask = 2147483647;
			files = (
			);
			runOnlyForDeploymentPostprocessing = 0;
		};
		E3E2DD0D1C4C46F3006B3767 /* Frameworks */ = {
			isa = PBXFrameworksBuildPhase;
			buildActionMask = 2147483647;
			files = (
			);
			runOnlyForDeploymentPostprocessing = 0;
		};
/* End PBXFrameworksBuildPhase section */

/* Begin PBXGroup section */
		1C266DCB41A2DDE632E2B486 /* Pods */ = {
			isa = PBXGroup;
			children = (
				B0BA4BE120A97CD5F3F6DF7D /* Pods.debug.xcconfig */,
				9481E22EDA9CDCA2AB2152BA /* Pods.release.xcconfig */,
			);
			name = Pods;
			sourceTree = "<group>";
		};
		D1F9991942D1163058221281 /* Frameworks */ = {
			isa = PBXGroup;
			children = (
				8142B3E968C48E42BD6A35EB /* Pods.framework */,
			);
			name = Frameworks;
			sourceTree = "<group>";
		};
		E3E2DCE51C4C46F3006B3767 = {
			isa = PBXGroup;
			children = (
				E3F94D7C1C4C831B00F37F2C /* Item+CoreDataProperties.swift */,
				E3E2DD401C4C477C006B3767 /* Item.swift */,
				E3E2DD411C4C477C006B3767 /* Category+CoreDataProperties.swift */,
				E3E2DD421C4C477C006B3767 /* Category.swift */,
				E3E2DCF01C4C46F3006B3767 /* iMoney */,
				E3E2DD081C4C46F3006B3767 /* iMoneyTests */,
				E3E2DD131C4C46F3006B3767 /* iMoneyUITests */,
				E3E2DCEF1C4C46F3006B3767 /* Products */,
				1C266DCB41A2DDE632E2B486 /* Pods */,
				D1F9991942D1163058221281 /* Frameworks */,
			);
			sourceTree = "<group>";
		};
		E3E2DCEF1C4C46F3006B3767 /* Products */ = {
			isa = PBXGroup;
			children = (
				E3E2DCEE1C4C46F3006B3767 /* iMoney.app */,
				E3E2DD051C4C46F3006B3767 /* iMoneyTests.xctest */,
				E3E2DD101C4C46F3006B3767 /* iMoneyUITests.xctest */,
			);
			name = Products;
			sourceTree = "<group>";
		};
		E3E2DCF01C4C46F3006B3767 /* iMoney */ = {
			isa = PBXGroup;
			children = (
				E3E2DCF11C4C46F3006B3767 /* AppDelegate.swift */,
				E3E2DD471C4C4787006B3767 /* buyList.swift */,
				E3E2DD001C4C46F3006B3767 /* Info.plist */,
				E3E2DD491C4C5048006B3767 /* addViewController.swift */,
				E3E2DCF81C4C46F3006B3767 /* iMoney.xcdatamodeld */,
				E3E2DD231C4C471E006B3767 /* SwiftSideslipLikeQQ */,
			);
			path = iMoney;
			sourceTree = "<group>";
		};
		E3E2DD081C4C46F3006B3767 /* iMoneyTests */ = {
			isa = PBXGroup;
			children = (
				E3E2DD091C4C46F3006B3767 /* iMoneyTests.swift */,
				E3E2DD0B1C4C46F3006B3767 /* Info.plist */,
			);
			path = iMoneyTests;
			sourceTree = "<group>";
		};
		E3E2DD131C4C46F3006B3767 /* iMoneyUITests */ = {
			isa = PBXGroup;
			children = (
				E3E2DD141C4C46F3006B3767 /* iMoneyUITests.swift */,
				E3E2DD161C4C46F3006B3767 /* Info.plist */,
			);
			path = iMoneyUITests;
			sourceTree = "<group>";
		};
		E3E2DD231C4C471E006B3767 /* SwiftSideslipLikeQQ */ = {
			isa = PBXGroup;
			children = (
				E3E2DD221C4C471E006B3767 /* SwiftColors.swift */,
				E3E2DD251C4C471E006B3767 /* LaunchScreen.xib */,
				E3E2DD271C4C471E006B3767 /* Main.storyboard */,
				E3F94D841C4F265200F37F2C /* SummaryTableViewCell.swift */,
				E3F94D861C4F265B00F37F2C /* DetailTableViewCell.swift */,
				E3E2DD291C4C471E006B3767 /* Common.swift */,
				E3E2DD2A1C4C471E006B3767 /* HomeViewController.swift */,
				E3E2DD2B1C4C471E006B3767 /* Images.xcassets */,
				E3E2DD2D1C4C471E006B3767 /* LeftViewController.swift */,
				E3F94D801C4D547800F37F2C /* MainTabBarController.swift */,
				E3E2DD2F1C4C471E006B3767 /* MainTabBarController.xib */,
				E3E2DD301C4C471E006B3767 /* OtherPageViewController.swift */,
				E3E2DD311C4C471E006B3767 /* ViewController.swift */,
			);
			path = SwiftSideslipLikeQQ;
			sourceTree = "<group>";
		};
/* End PBXGroup section */

/* Begin PBXNativeTarget section */
		E3E2DCED1C4C46F3006B3767 /* iMoney */ = {
			isa = PBXNativeTarget;
			buildConfigurationList = E3E2DD191C4C46F3006B3767 /* Build configuration list for PBXNativeTarget "iMoney" */;
			buildPhases = (
				2C91D4679734D55E92D1B75B /* Check Pods Manifest.lock */,
				E3E2DCEA1C4C46F3006B3767 /* Sources */,
				E3E2DCEB1C4C46F3006B3767 /* Frameworks */,
				E3E2DCEC1C4C46F3006B3767 /* Resources */,
				1C42B0E31DBCE999D8234954 /* Embed Pods Frameworks */,
				6AE48B79B33009EF25BC814E /* Copy Pods Resources */,
			);
			buildRules = (
			);
			dependencies = (
			);
			name = iMoney;
			productName = iMoney;
			productReference = E3E2DCEE1C4C46F3006B3767 /* iMoney.app */;
			productType = "com.apple.product-type.application";
		};
		E3E2DD041C4C46F3006B3767 /* iMoneyTests */ = {
			isa = PBXNativeTarget;
			buildConfigurationList = E3E2DD1C1C4C46F3006B3767 /* Build configuration list for PBXNativeTarget "iMoneyTests" */;
			buildPhases = (
				E3E2DD011C4C46F3006B3767 /* Sources */,
				E3E2DD021C4C46F3006B3767 /* Frameworks */,
				E3E2DD031C4C46F3006B3767 /* Resources */,
			);
			buildRules = (
			);
			dependencies = (
				E3E2DD071C4C46F3006B3767 /* PBXTargetDependency */,
			);
			name = iMoneyTests;
			productName = iMoneyTests;
			productReference = E3E2DD051C4C46F3006B3767 /* iMoneyTests.xctest */;
			productType = "com.apple.product-type.bundle.unit-test";
		};
		E3E2DD0F1C4C46F3006B3767 /* iMoneyUITests */ = {
			isa = PBXNativeTarget;
			buildConfigurationList = E3E2DD1F1C4C46F3006B3767 /* Build configuration list for PBXNativeTarget "iMoneyUITests" */;
			buildPhases = (
				E3E2DD0C1C4C46F3006B3767 /* Sources */,
				E3E2DD0D1C4C46F3006B3767 /* Frameworks */,
				E3E2DD0E1C4C46F3006B3767 /* Resources */,
			);
			buildRules = (
			);
			dependencies = (
				E3E2DD121C4C46F3006B3767 /* PBXTargetDependency */,
			);
			name = iMoneyUITests;
			productName = iMoneyUITests;
			productReference = E3E2DD101C4C46F3006B3767 /* iMoneyUITests.xctest */;
			productType = "com.apple.product-type.bundle.ui-testing";
		};
/* End PBXNativeTarget section */

/* Begin PBXProject section */
		E3E2DCE61C4C46F3006B3767 /* Project object */ = {
			isa = PBXProject;
			attributes = {
				LastSwiftUpdateCheck = 0720;
				LastUpgradeCheck = 0720;
				ORGANIZATIONNAME = "Yaxin Cheng";
				TargetAttributes = {
					E3E2DCED1C4C46F3006B3767 = {
						CreatedOnToolsVersion = 7.2;
					};
					E3E2DD041C4C46F3006B3767 = {
						CreatedOnToolsVersion = 7.2;
						TestTargetID = E3E2DCED1C4C46F3006B3767;
					};
					E3E2DD0F1C4C46F3006B3767 = {
						CreatedOnToolsVersion = 7.2;
						TestTargetID = E3E2DCED1C4C46F3006B3767;
					};
				};
			};
			buildConfigurationList = E3E2DCE91C4C46F3006B3767 /* Build configuration list for PBXProject "iMoney" */;
			compatibilityVersion = "Xcode 3.2";
			developmentRegion = English;
			hasScannedForEncodings = 0;
			knownRegions = (
				en,
				Base,
			);
			mainGroup = E3E2DCE51C4C46F3006B3767;
			productRefGroup = E3E2DCEF1C4C46F3006B3767 /* Products */;
			projectDirPath = "";
			projectRoot = "";
			targets = (
				E3E2DCED1C4C46F3006B3767 /* iMoney */,
				E3E2DD041C4C46F3006B3767 /* iMoneyTests */,
				E3E2DD0F1C4C46F3006B3767 /* iMoneyUITests */,
			);
		};
/* End PBXProject section */

/* Begin PBXResourcesBuildPhase section */
		E3E2DCEC1C4C46F3006B3767 /* Resources */ = {
			isa = PBXResourcesBuildPhase;
			buildActionMask = 2147483647;
			files = (
				E3E2DD341C4C471E006B3767 /* LaunchScreen.xib in Resources */,
				E3E2DD351C4C471E006B3767 /* Main.storyboard in Resources */,
				E3E2DD381C4C471E006B3767 /* Images.xcassets in Resources */,
				E3E2DD3C1C4C471E006B3767 /* MainTabBarController.xib in Resources */,
			);
			runOnlyForDeploymentPostprocessing = 0;
		};
		E3E2DD031C4C46F3006B3767 /* Resources */ = {
			isa = PBXResourcesBuildPhase;
			buildActionMask = 2147483647;
			files = (
			);
			runOnlyForDeploymentPostprocessing = 0;
		};
		E3E2DD0E1C4C46F3006B3767 /* Resources */ = {
			isa = PBXResourcesBuildPhase;
			buildActionMask = 2147483647;
			files = (
			);
			runOnlyForDeploymentPostprocessing = 0;
		};
/* End PBXResourcesBuildPhase section */

/* Begin PBXShellScriptBuildPhase section */
		1C42B0E31DBCE999D8234954 /* Embed Pods Frameworks */ = {
			isa = PBXShellScriptBuildPhase;
			buildActionMask = 2147483647;
			files = (
			);
			inputPaths = (
			);
			name = "Embed Pods Frameworks";
			outputPaths = (
			);
			runOnlyForDeploymentPostprocessing = 0;
			shellPath = /bin/sh;
			shellScript = "\"${SRCROOT}/Pods/Target Support Files/Pods/Pods-frameworks.sh\"\n";
			showEnvVarsInLog = 0;
		};
		2C91D4679734D55E92D1B75B /* Check Pods Manifest.lock */ = {
			isa = PBXShellScriptBuildPhase;
			buildActionMask = 2147483647;
			files = (
			);
			inputPaths = (
			);
			name = "Check Pods Manifest.lock";
			outputPaths = (
			);
			runOnlyForDeploymentPostprocessing = 0;
			shellPath = /bin/sh;
			shellScript = "diff \"${PODS_ROOT}/../Podfile.lock\" \"${PODS_ROOT}/Manifest.lock\" > /dev/null\nif [[ $? != 0 ]] ; then\n    cat << EOM\nerror: The sandbox is not in sync with the Podfile.lock. Run 'pod install' or update your CocoaPods installation.\nEOM\n    exit 1\nfi\n";
			showEnvVarsInLog = 0;
		};
		6AE48B79B33009EF25BC814E /* Copy Pods Resources */ = {
			isa = PBXShellScriptBuildPhase;
			buildActionMask = 2147483647;
			files = (
			);
			inputPaths = (
			);
			name = "Copy Pods Resources";
			outputPaths = (
			);
			runOnlyForDeploymentPostprocessing = 0;
			shellPath = /bin/sh;
			shellScript = "\"${SRCROOT}/Pods/Target Support Files/Pods/Pods-resources.sh\"\n";
			showEnvVarsInLog = 0;
		};
/* End PBXShellScriptBuildPhase section */

/* Begin PBXSourcesBuildPhase section */
		E3E2DCEA1C4C46F3006B3767 /* Sources */ = {
			isa = PBXSourcesBuildPhase;
			buildActionMask = 2147483647;
			files = (
				E3E2DCF21C4C46F3006B3767 /* AppDelegate.swift in Sources */,
				E3F94D871C4F265B00F37F2C /* DetailTableViewCell.swift in Sources */,
				E3E2DCFA1C4C46F3006B3767 /* iMoney.xcdatamodeld in Sources */,
				E3F94D811C4D547800F37F2C /* MainTabBarController.swift in Sources */,
				E3E2DD3E1C4C471E006B3767 /* ViewController.swift in Sources */,
				E3E2DD481C4C4787006B3767 /* buyList.swift in Sources */,
				E3E2DD3D1C4C471E006B3767 /* OtherPageViewController.swift in Sources */,
				E3F94D851C4F265200F37F2C /* SummaryTableViewCell.swift in Sources */,
				E3E2DD441C4C477C006B3767 /* Item.swift in Sources */,
				E3E2DD451C4C477C006B3767 /* Category+CoreDataProperties.swift in Sources */,
				E3E2DD361C4C471E006B3767 /* Common.swift in Sources */,
				E3F94D7D1C4C831B00F37F2C /* Item+CoreDataProperties.swift in Sources */,
				E3E2DD461C4C477C006B3767 /* Category.swift in Sources */,
				E3E2DD3A1C4C471E006B3767 /* LeftViewController.swift in Sources */,
				E3E2DD371C4C471E006B3767 /* HomeViewController.swift in Sources */,
				E3E2DD4A1C4C5048006B3767 /* addViewController.swift in Sources */,
				E3E2DD321C4C471E006B3767 /* SwiftColors.swift in Sources */,
			);
			runOnlyForDeploymentPostprocessing = 0;
		};
		E3E2DD011C4C46F3006B3767 /* Sources */ = {
			isa = PBXSourcesBuildPhase;
			buildActionMask = 2147483647;
			files = (
				E3E2DD0A1C4C46F3006B3767 /* iMoneyTests.swift in Sources */,
			);
			runOnlyForDeploymentPostprocessing = 0;
		};
		E3E2DD0C1C4C46F3006B3767 /* Sources */ = {
			isa = PBXSourcesBuildPhase;
			buildActionMask = 2147483647;
			files = (
				E3E2DD151C4C46F3006B3767 /* iMoneyUITests.swift in Sources */,
			);
			runOnlyForDeploymentPostprocessing = 0;
		};
/* End PBXSourcesBuildPhase section */

/* Begin PBXTargetDependency section */
		E3E2DD071C4C46F3006B3767 /* PBXTargetDependency */ = {
			isa = PBXTargetDependency;
			target = E3E2DCED1C4C46F3006B3767 /* iMoney */;
			targetProxy = E3E2DD061C4C46F3006B3767 /* PBXContainerItemProxy */;
		};
		E3E2DD121C4C46F3006B3767 /* PBXTargetDependency */ = {
			isa = PBXTargetDependency;
			target = E3E2DCED1C4C46F3006B3767 /* iMoney */;
			targetProxy = E3E2DD111C4C46F3006B3767 /* PBXContainerItemProxy */;
		};
/* End PBXTargetDependency section */

/* Begin PBXVariantGroup section */
		E3E2DD251C4C471E006B3767 /* LaunchScreen.xib */ = {
			isa = PBXVariantGroup;
			children = (
				E3E2DD261C4C471E006B3767 /* Base */,
			);
			name = LaunchScreen.xib;
			sourceTree = "<group>";
		};
		E3E2DD271C4C471E006B3767 /* Main.storyboard */ = {
			isa = PBXVariantGroup;
			children = (
				E3E2DD281C4C471E006B3767 /* Base */,
			);
			name = Main.storyboard;
			sourceTree = "<group>";
		};
/* End PBXVariantGroup section */

/* Begin XCBuildConfiguration section */
		E3E2DD171C4C46F3006B3767 /* Debug */ = {
			isa = XCBuildConfiguration;
			buildSettings = {
				ALWAYS_SEARCH_USER_PATHS = NO;
				CLANG_CXX_LANGUAGE_STANDARD = "gnu++0x";
				CLANG_CXX_LIBRARY = "libc++";
				CLANG_ENABLE_MODULES = YES;
				CLANG_ENABLE_OBJC_ARC = YES;
				CLANG_WARN_BOOL_CONVERSION = YES;
				CLANG_WARN_CONSTANT_CONVERSION = YES;
				CLANG_WARN_DIRECT_OBJC_ISA_USAGE = YES_ERROR;
				CLANG_WARN_EMPTY_BODY = YES;
				CLANG_WARN_ENUM_CONVERSION = YES;
				CLANG_WARN_INT_CONVERSION = YES;
				CLANG_WARN_OBJC_ROOT_CLASS = YES_ERROR;
				CLANG_WARN_UNREACHABLE_CODE = YES;
				CLANG_WARN__DUPLICATE_METHOD_MATCH = YES;
				"CODE_SIGN_IDENTITY[sdk=iphoneos*]" = "iPhone Developer";
				COPY_PHASE_STRIP = NO;
				DEBUG_INFORMATION_FORMAT = dwarf;
				ENABLE_STRICT_OBJC_MSGSEND = YES;
				ENABLE_TESTABILITY = YES;
				GCC_C_LANGUAGE_STANDARD = gnu99;
				GCC_DYNAMIC_NO_PIC = NO;
				GCC_NO_COMMON_BLOCKS = YES;
				GCC_OPTIMIZATION_LEVEL = 0;
				GCC_PREPROCESSOR_DEFINITIONS = (
					"DEBUG=1",
					"$(inherited)",
				);
				GCC_WARN_64_TO_32_BIT_CONVERSION = YES;
				GCC_WARN_ABOUT_RETURN_TYPE = YES_ERROR;
				GCC_WARN_UNDECLARED_SELECTOR = YES;
				GCC_WARN_UNINITIALIZED_AUTOS = YES_AGGRESSIVE;
				GCC_WARN_UNUSED_FUNCTION = YES;
				GCC_WARN_UNUSED_VARIABLE = YES;
				IPHONEOS_DEPLOYMENT_TARGET = 9.2;
				MTL_ENABLE_DEBUG_INFO = YES;
				ONLY_ACTIVE_ARCH = YES;
				SDKROOT = iphoneos;
				SWIFT_OPTIMIZATION_LEVEL = "-Onone";
				TARGETED_DEVICE_FAMILY = "1,2";
			};
			name = Debug;
		};
		E3E2DD181C4C46F3006B3767 /* Release */ = {
			isa = XCBuildConfiguration;
			buildSettings = {
				ALWAYS_SEARCH_USER_PATHS = NO;
				CLANG_CXX_LANGUAGE_STANDARD = "gnu++0x";
				CLANG_CXX_LIBRARY = "libc++";
				CLANG_ENABLE_MODULES = YES;
				CLANG_ENABLE_OBJC_ARC = YES;
				CLANG_WARN_BOOL_CONVERSION = YES;
				CLANG_WARN_CONSTANT_CONVERSION = YES;
				CLANG_WARN_DIRECT_OBJC_ISA_USAGE = YES_ERROR;
				CLANG_WARN_EMPTY_BODY = YES;
				CLANG_WARN_ENUM_CONVERSION = YES;
				CLANG_WARN_INT_CONVERSION = YES;
				CLANG_WARN_OBJC_ROOT_CLASS = YES_ERROR;
				CLANG_WARN_UNREACHABLE_CODE = YES;
				CLANG_WARN__DUPLICATE_METHOD_MATCH = YES;
				"CODE_SIGN_IDENTITY[sdk=iphoneos*]" = "iPhone Developer";
				COPY_PHASE_STRIP = NO;
				DEBUG_INFORMATION_FORMAT = "dwarf-with-dsym";
				ENABLE_NS_ASSERTIONS = NO;
				ENABLE_STRICT_OBJC_MSGSEND = YES;
				GCC_C_LANGUAGE_STANDARD = gnu99;
				GCC_NO_COMMON_BLOCKS = YES;
				GCC_WARN_64_TO_32_BIT_CONVERSION = YES;
				GCC_WARN_ABOUT_RETURN_TYPE = YES_ERROR;
				GCC_WARN_UNDECLARED_SELECTOR = YES;
				GCC_WARN_UNINITIALIZED_AUTOS = YES_AGGRESSIVE;
				GCC_WARN_UNUSED_FUNCTION = YES;
				GCC_WARN_UNUSED_VARIABLE = YES;
				IPHONEOS_DEPLOYMENT_TARGET = 9.2;
				MTL_ENABLE_DEBUG_INFO = NO;
				SDKROOT = iphoneos;
				TARGETED_DEVICE_FAMILY = "1,2";
				VALIDATE_PRODUCT = YES;
			};
			name = Release;
		};
		E3E2DD1A1C4C46F3006B3767 /* Debug */ = {
			isa = XCBuildConfiguration;
			baseConfigurationReference = B0BA4BE120A97CD5F3F6DF7D /* Pods.debug.xcconfig */;
			buildSettings = {
				ASSETCATALOG_COMPILER_APPICON_NAME = AppIcon;
				INFOPLIST_FILE = iMoney/Info.plist;
				LD_RUNPATH_SEARCH_PATHS = "$(inherited) @executable_path/Frameworks";
				PRODUCT_BUNDLE_IDENTIFIER = com.guofeng.Jch.iMoney;
				PRODUCT_NAME = "$(TARGET_NAME)";
			};
			name = Debug;
		};
		E3E2DD1B1C4C46F3006B3767 /* Release */ = {
			isa = XCBuildConfiguration;
			baseConfigurationReference = 9481E22EDA9CDCA2AB2152BA /* Pods.release.xcconfig */;
			buildSettings = {
				ASSETCATALOG_COMPILER_APPICON_NAME = AppIcon;
				INFOPLIST_FILE = iMoney/Info.plist;
				LD_RUNPATH_SEARCH_PATHS = "$(inherited) @executable_path/Frameworks";
				PRODUCT_BUNDLE_IDENTIFIER = com.guofeng.Jch.iMoney;
				PRODUCT_NAME = "$(TARGET_NAME)";
			};
			name = Release;
		};
		E3E2DD1D1C4C46F3006B3767 /* Debug */ = {
			isa = XCBuildConfiguration;
			buildSettings = {
				BUNDLE_LOADER = "$(TEST_HOST)";
				INFOPLIST_FILE = iMoneyTests/Info.plist;
				LD_RUNPATH_SEARCH_PATHS = "$(inherited) @executable_path/Frameworks @loader_path/Frameworks";
				PRODUCT_BUNDLE_IDENTIFIER = com.guofeng.Jch.iMoneyTests;
				PRODUCT_NAME = "$(TARGET_NAME)";
				TEST_HOST = "$(BUILT_PRODUCTS_DIR)/iMoney.app/iMoney";
			};
			name = Debug;
		};
		E3E2DD1E1C4C46F3006B3767 /* Release */ = {
			isa = XCBuildConfiguration;
			buildSettings = {
				BUNDLE_LOADER = "$(TEST_HOST)";
				INFOPLIST_FILE = iMoneyTests/Info.plist;
				LD_RUNPATH_SEARCH_PATHS = "$(inherited) @executable_path/Frameworks @loader_path/Frameworks";
				PRODUCT_BUNDLE_IDENTIFIER = com.guofeng.Jch.iMoneyTests;
				PRODUCT_NAME = "$(TARGET_NAME)";
				TEST_HOST = "$(BUILT_PRODUCTS_DIR)/iMoney.app/iMoney";
			};
			name = Release;
		};
		E3E2DD201C4C46F3006B3767 /* Debug */ = {
			isa = XCBuildConfiguration;
			buildSettings = {
				INFOPLIST_FILE = iMoneyUITests/Info.plist;
				LD_RUNPATH_SEARCH_PATHS = "$(inherited) @executable_path/Frameworks @loader_path/Frameworks";
				PRODUCT_BUNDLE_IDENTIFIER = com.guofeng.Jch.iMoneyUITests;
				PRODUCT_NAME = "$(TARGET_NAME)";
				TEST_TARGET_NAME = iMoney;
				USES_XCTRUNNER = YES;
			};
			name = Debug;
		};
		E3E2DD211C4C46F3006B3767 /* Release */ = {
			isa = XCBuildConfiguration;
			buildSettings = {
				INFOPLIST_FILE = iMoneyUITests/Info.plist;
				LD_RUNPATH_SEARCH_PATHS = "$(inherited) @executable_path/Frameworks @loader_path/Frameworks";
				PRODUCT_BUNDLE_IDENTIFIER = com.guofeng.Jch.iMoneyUITests;
				PRODUCT_NAME = "$(TARGET_NAME)";
				TEST_TARGET_NAME = iMoney;
				USES_XCTRUNNER = YES;
			};
			name = Release;
		};
/* End XCBuildConfiguration section */

/* Begin XCConfigurationList section */
		E3E2DCE91C4C46F3006B3767 /* Build configuration list for PBXProject "iMoney" */ = {
			isa = XCConfigurationList;
			buildConfigurations = (
				E3E2DD171C4C46F3006B3767 /* Debug */,
				E3E2DD181C4C46F3006B3767 /* Release */,
			);
			defaultConfigurationIsVisible = 0;
			defaultConfigurationName = Release;
		};
		E3E2DD191C4C46F3006B3767 /* Build configuration list for PBXNativeTarget "iMoney" */ = {
			isa = XCConfigurationList;
			buildConfigurations = (
				E3E2DD1A1C4C46F3006B3767 /* Debug */,
				E3E2DD1B1C4C46F3006B3767 /* Release */,
			);
			defaultConfigurationIsVisible = 0;
			defaultConfigurationName = Release;
		};
		E3E2DD1C1C4C46F3006B3767 /* Build configuration list for PBXNativeTarget "iMoneyTests" */ = {
			isa = XCConfigurationList;
			buildConfigurations = (
				E3E2DD1D1C4C46F3006B3767 /* Debug */,
				E3E2DD1E1C4C46F3006B3767 /* Release */,
			);
			defaultConfigurationIsVisible = 0;
			defaultConfigurationName = Release;
		};
		E3E2DD1F1C4C46F3006B3767 /* Build configuration list for PBXNativeTarget "iMoneyUITests" */ = {
			isa = XCConfigurationList;
			buildConfigurations = (
				E3E2DD201C4C46F3006B3767 /* Debug */,
				E3E2DD211C4C46F3006B3767 /* Release */,
			);
			defaultConfigurationIsVisible = 0;
			defaultConfigurationName = Release;
		};
/* End XCConfigurationList section */

/* Begin XCVersionGroup section */
		E3E2DCF81C4C46F3006B3767 /* iMoney.xcdatamodeld */ = {
			isa = XCVersionGroup;
			children = (
				E3E2DCF91C4C46F3006B3767 /* iMoney.xcdatamodel */,
			);
			currentVersion = E3E2DCF91C4C46F3006B3767 /* iMoney.xcdatamodel */;
			path = iMoney.xcdatamodeld;
			sourceTree = "<group>";
			versionGroupType = wrapper.xcdatamodel;
		};
/* End XCVersionGroup section */
	};
	rootObject = E3E2DCE61C4C46F3006B3767 /* Project object */;
}
